
Microsoft Visual Studio Solution File, Format Version 12.00
# Visual Studio Version 17
VisualStudioVersion = 17.10.35013.160
MinimumVisualStudioVersion = 10.0.40219.1
Project("{FAE04EC0-301F-11D3-BF4B-00C04F79EFBC}") = "DataAccess", "DataAccess\DataAccess.csproj", "{DD27DDD7-1445-469E-8E1C-F43CBBF04DBA}"
EndProject
Project("{FAE04EC0-301F-11D3-BF4B-00C04F79EFBC}") = "VISApp", "VISApp\VISApp.csproj", "{0ECCBAD4-FDD5-4B1C-8B1E-DADD769A2B34}"
EndProject
Global
	GlobalSection(SolutionConfigurationPlatforms) = preSolution
		Debug|Any CPU = Debug|Any CPU
		Release|Any CPU = Release|Any CPU
	EndGlobalSection
	GlobalSection(ProjectConfigurationPlatforms) = postSolution
		{DD27DDD7-1445-469E-8E1C-F43CBBF04DBA}.Debug|Any CPU.ActiveCfg = Debug|Any CPU
		{DD27DDD7-1445-469E-8E1C-F43CBBF04DBA}.Debug|Any CPU.Build.0 = Debug|Any CPU
		{DD27DDD7-1445-469E-8E1C-F43CBBF04DBA}.Release|Any CPU.ActiveCfg = Release|Any CPU
		{DD27DDD7-1445-469E-8E1C-F43CBBF04DBA}.Release|Any CPU.Build.0 = Release|Any CPU
		{0ECCBAD4-FDD5-4B1C-8B1E-DADD769A2B34}.Debug|Any CPU.ActiveCfg = Debug|Any CPU
		{0ECCBAD4-FDD5-4B1C-8B1E-DADD769A2B34}.Debug|Any CPU.Build.0 = Debug|Any CPU
		{0ECCBAD4-FDD5-4B1C-8B1E-DADD769A2B34}.Release|Any CPU.ActiveCfg = Release|Any CPU
		{0ECCBAD4-FDD5-4B1C-8B1E-DADD769A2B34}.Release|Any CPU.Build.0 = Release|Any CPU
	EndGlobalSection
	GlobalSection(SolutionProperties) = preSolution
		HideSolutionNode = FALSE
	EndGlobalSection
	GlobalSection(ExtensibilityGlobals) = postSolution
		SolutionGuid = {263153ED-19AC-4AF2-B005-FC7CEE655CD5}
	EndGlobalSection
EndGlobal
